dependencies:
- name: cloudnative-pg
  repository: oci://ghcr.io/cloudnative-pg/charts
  version: 0.28.0
- name: cert-manager
  repository: oci://quay.io/jetstack/charts
  version: v1.20.2
- name: replicated
  repository: oci://registry.replicated.com/library
  version: 1.19.4
digest: sha256:9632fd595fa7351de556f37bf3c3518c4f7ae383ba5e72a496da49343be63691
generated: "2026-05-28T13:59:39.701641+12:00"
