dependencies:
- name: cloudnative-pg
  repository: oci://ghcr.io/cloudnative-pg/charts
  version: 0.28.0
- name: cert-manager
  repository: oci://quay.io/jetstack/charts
  version: v1.20.2
- name: replicated
  repository: oci://registry.replicated.com/library
  version: 1.19.1
digest: sha256:a1d622005163c53fcb312e0248b338926d24056824cb23e6f6e1cfc7b56a12bc
generated: "2026-04-17T13:55:25.744709+12:00"
